
Microsoft Visual Studio Solution File, Format Version 12.00
# Visual Studio Version 17
VisualStudioVersion = 17.14.36414.22 d17.14
MinimumVisualStudioVersion = 10.0.40219.1
Project("{FAE04EC0-301F-11D3-BF4B-00C04F79EFBC}") = "ConsoleApp1", "ConsoleApp1\ConsoleApp1.csproj", "{CBB1BCC1-8377-4F3F-A7C1-B9C73E2856EB}"
EndProject
Global
	GlobalSection(SolutionConfigurationPlatforms) = preSolution
		Debug|Any CPU = Debug|Any CPU
		Release|Any CPU = Release|Any CPU
	EndGlobalSection
	GlobalSection(ProjectConfigurationPlatforms) = postSolution
		{CBB1BCC1-8377-4F3F-A7C1-B9C73E2856EB}.Debug|Any CPU.ActiveCfg = Debug|Any CPU
		{CBB1BCC1-8377-4F3F-A7C1-B9C73E2856EB}.Debug|Any CPU.Build.0 = Debug|Any CPU
		{CBB1BCC1-8377-4F3F-A7C1-B9C73E2856EB}.Release|Any CPU.ActiveCfg = Release|Any CPU
		{CBB1BCC1-8377-4F3F-A7C1-B9C73E2856EB}.Release|Any CPU.Build.0 = Release|Any CPU
	EndGlobalSection
	GlobalSection(SolutionProperties) = preSolution
		HideSolutionNode = FALSE
	EndGlobalSection
	GlobalSection(ExtensibilityGlobals) = postSolution
		SolutionGuid = {DC9DE9EB-03BD-4841-B807-185116619F38}
	EndGlobalSection
EndGlobal
